// !$*UTF8*$!
{
	archiveVersion = 1;
	classes = {
	};
	objectVersion = 46;
	objects = {

/* Begin PBXBuildFile section */
		8DF18BD6193B6AB000FD132C /* Foundation.framework in Frameworks */ = {isa = PBXBuildFile; fileRef = 8DF18BD5193B6AB000FD132C /* Foundation.framework */; };
		8DF18BD8193B6AB000FD132C /* CoreGraphics.framework in Frameworks */ = {isa = PBXBuildFile; fileRef = 8DF18BD7193B6AB000FD132C /* CoreGraphics.framework */; };
		8DF18BDA193B6AB000FD132C /* UIKit.framework in Frameworks */ = {isa = PBXBuildFile; fileRef = 8DF18BD9193B6AB000FD132C /* UIKit.framework */; };
		8DF18BE0193B6AB000FD132C /* InfoPlist.strings in Resources */ = {isa = PBXBuildFile; fileRef = 8DF18BDE193B6AB000FD132C /* InfoPlist.strings */; };
		8DF18BE2193B6AB000FD132C /* main.m in Sources */ = {isa = PBXBuildFile; fileRef = 8DF18BE1193B6AB000FD132C /* main.m */; };
		8DF18BE6193B6AB000FD132C /* BNRAppDelegate.m in Sources */ = {isa = PBXBuildFile; fileRef = 8DF18BE5193B6AB000FD132C /* BNRAppDelegate.m */; };
		8DF18BE8193B6AB000FD132C /* Images.xcassets in Resources */ = {isa = PBXBuildFile; fileRef = 8DF18BE7193B6AB000FD132C /* Images.xcassets */; };
		8DF18BEF193B6AB000FD132C /* XCTest.framework in Frameworks */ = {isa = PBXBuildFile; fileRef = 8DF18BEE193B6AB000FD132C /* XCTest.framework */; };
		8DF18BF0193B6AB000FD132C /* Foundation.framework in Frameworks */ = {isa = PBXBuildFile; fileRef = 8DF18BD5193B6AB000FD132C /* Foundation.framework */; };
		8DF18BF1193B6AB000FD132C /* UIKit.framework in Frameworks */ = {isa = PBXBuildFile; fileRef = 8DF18BD9193B6AB000FD132C /* UIKit.framework */; };
		8DF18BF9193B6AB000FD132C /* InfoPlist.strings in Resources */ = {isa = PBXBuildFile; fileRef = 8DF18BF7193B6AB000FD132C /* InfoPlist.strings */; };
		8DF18BFB193B6AB000FD132C /* iTahDoodleTests.m in Sources */ = {isa = PBXBuildFile; fileRef = 8DF18BFA193B6AB000FD132C /* iTahDoodleTests.m */; };
/* End PBXBuildFile section */

/* Begin PBXContainerItemProxy section */
		8DF18BF2193B6AB000FD132C /* PBXContainerItemProxy */ = {
			isa = PBXContainerItemProxy;
			containerPortal = 8DF18BCA193B6AB000FD132C /* Project object */;
			proxyType = 1;
			remoteGlobalIDString = 8DF18BD1193B6AB000FD132C;
			remoteInfo = iTahDoodle;
		};
/* End PBXContainerItemProxy section */

/* Begin PBXFileReference section */
		8DF18BD2193B6AB000FD132C /* iTahDoodle.app */ = {isa = PBXFileReference; explicitFileType = wrapper.application; includeInIndex = 0; path = iTahDoodle.app; sourceTree = BUILT_PRODUCTS_DIR; };
		8DF18BD5193B6AB000FD132C /* Foundation.framework */ = {isa = PBXFileReference; lastKnownFileType = wrapper.framework; name = Foundation.framework; path = System/Library/Frameworks/Foundation.framework; sourceTree = SDKROOT; };
		8DF18BD7193B6AB000FD132C /* CoreGraphics.framework */ = {isa = PBXFileReference; lastKnownFileType = wrapper.framework; name = CoreGraphics.framework; path = System/Library/Frameworks/CoreGraphics.framework; sourceTree = SDKROOT; };
		8DF18BD9193B6AB000FD132C /* UIKit.framework */ = {isa = PBXFileReference; lastKnownFileType = wrapper.framework; name = UIKit.framework; path = System/Library/Frameworks/UIKit.framework; sourceTree = SDKROOT; };
		8DF18BDD193B6AB000FD132C /* iTahDoodle-Info.plist */ = {isa = PBXFileReference; lastKnownFileType = text.plist.xml; path = "iTahDoodle-Info.plist"; sourceTree = "<group>"; };
		8DF18BDF193B6AB000FD132C /* en */ = {isa = PBXFileReference; lastKnownFileType = text.plist.strings; name = en; path = en.lproj/InfoPlist.strings; sourceTree = "<group>"; };
		8DF18BE1193B6AB000FD132C /* main.m */ = {isa = PBXFileReference; lastKnownFileType = sourcecode.c.objc; path = main.m; sourceTree = "<group>"; };
		8DF18BE3193B6AB000FD132C /* iTahDoodle-Prefix.pch */ = {isa = PBXFileReference; lastKnownFileType = sourcecode.c.h; path = "iTahDoodle-Prefix.pch"; sourceTree = "<group>"; };
		8DF18BE4193B6AB000FD132C /* BNRAppDelegate.h */ = {isa = PBXFileReference; lastKnownFileType = sourcecode.c.h; path = BNRAppDelegate.h; sourceTree = "<group>"; };
		8DF18BE5193B6AB000FD132C /* BNRAppDelegate.m */ = {isa = PBXFileReference; lastKnownFileType = sourcecode.c.objc; path = BNRAppDelegate.m; sourceTree = "<group>"; };
		8DF18BE7193B6AB000FD132C /* Images.xcassets */ = {isa = PBXFileReference; lastKnownFileType = folder.assetcatalog; path = Images.xcassets; sourceTree = "<group>"; };
		8DF18BED193B6AB000FD132C /* iTahDoodleTests.xctest */ = {isa = PBXFileReference; explicitFileType = wrapper.cfbundle; includeInIndex = 0; path = iTahDoodleTests.xctest; sourceTree = BUILT_PRODUCTS_DIR; };
		8DF18BEE193B6AB000FD132C /* XCTest.framework */ = {isa = PBXFileReference; lastKnownFileType = wrapper.framework; name = XCTest.framework; path = Library/Frameworks/XCTest.framework; sourceTree = DEVELOPER_DIR; };
		8DF18BF6193B6AB000FD132C /* iTahDoodleTests-Info.plist */ = {isa = PBXFileReference; lastKnownFileType = text.plist.xml; path = "iTahDoodleTests-Info.plist"; sourceTree = "<group>"; };
		8DF18BF8193B6AB000FD132C /* en */ = {isa = PBXFileReference; lastKnownFileType = text.plist.strings; name = en; path = en.lproj/InfoPlist.strings; sourceTree = "<group>"; };
		8DF18BFA193B6AB000FD132C /* iTahDoodleTests.m */ = {isa = PBXFileReference; lastKnownFileType = sourcecode.c.objc; path = iTahDoodleTests.m; sourceTree = "<group>"; };
/* End PBXFileReference section */

/* Begin PBXFrameworksBuildPhase section */
		8DF18BCF193B6AB000FD132C /* Frameworks */ = {
			isa = PBXFrameworksBuildPhase;
			buildActionMask = 2147483647;
			files = (
				8DF18BD8193B6AB000FD132C /* CoreGraphics.framework in Frameworks */,
				8DF18BDA193B6AB000FD132C /* UIKit.framework in Frameworks */,
				8DF18BD6193B6AB000FD132C /* Foundation.framework in Frameworks */,
			);
			runOnlyForDeploymentPostprocessing = 0;
		};
		8DF18BEA193B6AB000FD132C /* Frameworks */ = {
			isa = PBXFrameworksBuildPhase;
			buildActionMask = 2147483647;
			files = (
				8DF18BEF193B6AB000FD132C /* XCTest.framework in Frameworks */,
				8DF18BF1193B6AB000FD132C /* UIKit.framework in Frameworks */,
				8DF18BF0193B6AB000FD132C /* Foundation.framework in Frameworks */,
			);
			runOnlyForDeploymentPostprocessing = 0;
		};
/* End PBXFrameworksBuildPhase section */

/* Begin PBXGroup section */
		8DF18BC9193B6AB000FD132C = {
			isa = PBXGroup;
			children = (
				8DF18BDB193B6AB000FD132C /* iTahDoodle */,
				8DF18BF4193B6AB000FD132C /* iTahDoodleTests */,
				8DF18BD4193B6AB000FD132C /* Frameworks */,
				8DF18BD3193B6AB000FD132C /* Products */,
			);
			sourceTree = "<group>";
		};
		8DF18BD3193B6AB000FD132C /* Products */ = {
			isa = PBXGroup;
			children = (
				8DF18BD2193B6AB000FD132C /* iTahDoodle.app */,
				8DF18BED193B6AB000FD132C /* iTahDoodleTests.xctest */,
			);
			name = Products;
			sourceTree = "<group>";
		};
		8DF18BD4193B6AB000FD132C /* Frameworks */ = {
			isa = PBXGroup;
			children = (
				8DF18BD5193B6AB000FD132C /* Foundation.framework */,
				8DF18BD7193B6AB000FD132C /* CoreGraphics.framework */,
				8DF18BD9193B6AB000FD132C /* UIKit.framework */,
				8DF18BEE193B6AB000FD132C /* XCTest.framework */,
			);
			name = Frameworks;
			sourceTree = "<group>";
		};
		8DF18BDB193B6AB000FD132C /* iTahDoodle */ = {
			isa = PBXGroup;
			children = (
				8DF18BE4193B6AB000FD132C /* BNRAppDelegate.h */,
				8DF18BE5193B6AB000FD132C /* BNRAppDelegate.m */,
				8DF18BE7193B6AB000FD132C /* Images.xcassets */,
				8DF18BDC193B6AB000FD132C /* Supporting Files */,
			);
			path = iTahDoodle;
			sourceTree = "<group>";
		};
		8DF18BDC193B6AB000FD132C /* Supporting Files */ = {
			isa = PBXGroup;
			children = (
				8DF18BDD193B6AB000FD132C /* iTahDoodle-Info.plist */,
				8DF18BDE193B6AB000FD132C /* InfoPlist.strings */,
				8DF18BE1193B6AB000FD132C /* main.m */,
				8DF18BE3193B6AB000FD132C /* iTahDoodle-Prefix.pch */,
			);
			name = "Supporting Files";
			sourceTree = "<group>";
		};
		8DF18BF4193B6AB000FD132C /* iTahDoodleTests */ = {
			isa = PBXGroup;
			children = (
				8DF18BFA193B6AB000FD132C /* iTahDoodleTests.m */,
				8DF18BF5193B6AB000FD132C /* Supporting Files */,
			);
			path = iTahDoodleTests;
			sourceTree = "<group>";
		};
		8DF18BF5193B6AB000FD132C /* Supporting Files */ = {
			isa = PBXGroup;
			children = (
				8DF18BF6193B6AB000FD132C /* iTahDoodleTests-Info.plist */,
				8DF18BF7193B6AB000FD132C /* InfoPlist.strings */,
			);
			name = "Supporting Files";
			sourceTree = "<group>";
		};
/* End PBXGroup section */

/* Begin PBXNativeTarget section */
		8DF18BD1193B6AB000FD132C /* iTahDoodle */ = {
			isa = PBXNativeTarget;
			buildConfigurationList = 8DF18BFE193B6AB000FD132C /* Build configuration list for PBXNativeTarget "iTahDoodle" */;
			buildPhases = (
				8DF18BCE193B6AB000FD132C /* Sources */,
				8DF18BCF193B6AB000FD132C /* Frameworks */,
				8DF18BD0193B6AB000FD132C /* Resources */,
			);
			buildRules = (
			);
			dependencies = (
			);
			name = iTahDoodle;
			productName = iTahDoodle;
			productReference = 8DF18BD2193B6AB000FD132C /* iTahDoodle.app */;
			productType = "com.apple.product-type.application";
		};
		8DF18BEC193B6AB000FD132C /* iTahDoodleTests */ = {
			isa = PBXNativeTarget;
			buildConfigurationList = 8DF18C01193B6AB100FD132C /* Build configuration list for PBXNativeTarget "iTahDoodleTests" */;
			buildPhases = (
				8DF18BE9193B6AB000FD132C /* Sources */,
				8DF18BEA193B6AB000FD132C /* Frameworks */,
				8DF18BEB193B6AB000FD132C /* Resources */,
			);
			buildRules = (
			);
			dependencies = (
				8DF18BF3193B6AB000FD132C /* PBXTargetDependency */,
			);
			name = iTahDoodleTests;
			productName = iTahDoodleTests;
			productReference = 8DF18BED193B6AB000FD132C /* iTahDoodleTests.xctest */;
			productType = "com.apple.product-type.bundle.unit-test";
		};
/* End PBXNativeTarget section */

/* Begin PBXProject section */
		8DF18BCA193B6AB000FD132C /* Project object */ = {
			isa = PBXProject;
			attributes = {
				CLASSPREFIX = BNR;
				LastUpgradeCheck = 0510;
				ORGANIZATIONNAME = mm;
				TargetAttributes = {
					8DF18BEC193B6AB000FD132C = {
						TestTargetID = 8DF18BD1193B6AB000FD132C;
					};
				};
			};
			buildConfigurationList = 8DF18BCD193B6AB000FD132C /* Build configuration list for PBXProject "iTahDoodle" */;
			compatibilityVersion = "Xcode 3.2";
			developmentRegion = English;
			hasScannedForEncodings = 0;
			knownRegions = (
				en,
			);
			mainGroup = 8DF18BC9193B6AB000FD132C;
			productRefGroup = 8DF18BD3193B6AB000FD132C /* Products */;
			projectDirPath = "";
			projectRoot = "";
			targets = (
				8DF18BD1193B6AB000FD132C /* iTahDoodle */,
				8DF18BEC193B6AB000FD132C /* iTahDoodleTests */,
			);
		};
/* End PBXProject section */

/* Begin PBXResourcesBuildPhase section */
		8DF18BD0193B6AB000FD132C /* Resources */ = {
			isa = PBXResourcesBuildPhase;
			buildActionMask = 2147483647;
			files = (
				8DF18BE0193B6AB000FD132C /* InfoPlist.strings in Resources */,
				8DF18BE8193B6AB000FD132C /* Images.xcassets in Resources */,
			);
			runOnlyForDeploymentPostprocessing = 0;
		};
		8DF18BEB193B6AB000FD132C /* Resources */ = {
			isa = PBXResourcesBuildPhase;
			buildActionMask = 2147483647;
			files = (
				8DF18BF9193B6AB000FD132C /* InfoPlist.strings in Resources */,
			);
			runOnlyForDeploymentPostprocessing = 0;
		};
/* End PBXResourcesBuildPhase section */

/* Begin PBXSourcesBuildPhase section */
		8DF18BCE193B6AB000FD132C /* Sources */ = {
			isa = PBXSourcesBuildPhase;
			buildActionMask = 2147483647;
			files = (
				8DF18BE2193B6AB000FD132C /* main.m in Sources */,
				8DF18BE6193B6AB000FD132C /* BNRAppDelegate.m in Sources */,
			);
			runOnlyForDeploymentPostprocessing = 0;
		};
		8DF18BE9193B6AB000FD132C /* Sources */ = {
			isa = PBXSourcesBuildPhase;
			buildActionMask = 2147483647;
			files = (
				8DF18BFB193B6AB000FD132C /* iTahDoodleTests.m in Sources */,
			);
			runOnlyForDeploymentPostprocessing = 0;
		};
/* End PBXSourcesBuildPhase section */

/* Begin PBXTargetDependency section */
		8DF18BF3193B6AB000FD132C /* PBXTargetDependency */ = {
			isa = PBXTargetDependency;
			target = 8DF18BD1193B6AB000FD132C /* iTahDoodle */;
			targetProxy = 8DF18BF2193B6AB000FD132C /* PBXContainerItemProxy */;
		};
/* End PBXTargetDependency section */

/* Begin PBXVariantGroup section */
		8DF18BDE193B6AB000FD132C /* InfoPlist.strings */ = {
			isa = PBXVariantGroup;
			children = (
				8DF18BDF193B6AB000FD132C /* en */,
			);
			name = InfoPlist.strings;
			sourceTree = "<group>";
		};
		8DF18BF7193B6AB000FD132C /* InfoPlist.strings */ = {
			isa = PBXVariantGroup;
			children = (
				8DF18BF8193B6AB000FD132C /* en */,
			);
			name = InfoPlist.strings;
			sourceTree = "<group>";
		};
/* End PBXVariantGroup section */

/* Begin XCBuildConfiguration section */
		8DF18BFC193B6AB000FD132C /* Debug */ = {
			isa = XCBuildConfiguration;
			buildSettings = {
				ALWAYS_SEARCH_USER_PATHS = NO;
				CLANG_CXX_LANGUAGE_STANDARD = "gnu++0x";
				CLANG_CXX_LIBRARY = "libc++";
				CLANG_ENABLE_MODULES = YES;
				CLANG_ENABLE_OBJC_ARC = YES;
				CLANG_WARN_BOOL_CONVERSION = YES;
				CLANG_WARN_CONSTANT_CONVERSION = YES;
				CLANG_WARN_DIRECT_OBJC_ISA_USAGE = YES_ERROR;
				CLANG_WARN_EMPTY_BODY = YES;
				CLANG_WARN_ENUM_CONVERSION = YES;
				CLANG_WARN_INT_CONVERSION = YES;
				CLANG_WARN_OBJC_ROOT_CLASS = YES_ERROR;
				CLANG_WARN__DUPLICATE_METHOD_MATCH = YES;
				"CODE_SIGN_IDENTITY[sdk=iphoneos*]" = "iPhone Developer";
				COPY_PHASE_STRIP = NO;
				GCC_C_LANGUAGE_STANDARD = gnu99;
				GCC_DYNAMIC_NO_PIC = NO;
				GCC_OPTIMIZATION_LEVEL = 0;
				GCC_PREPROCESSOR_DEFINITIONS = (
					"DEBUG=1",
					"$(inherited)",
				);
				GCC_SYMBOLS_PRIVATE_EXTERN = NO;
				GCC_WARN_64_TO_32_BIT_CONVERSION = YES;
				GCC_WARN_ABOUT_RETURN_TYPE = YES_ERROR;
				GCC_WARN_UNDECLARED_SELECTOR = YES;
				GCC_WARN_UNINITIALIZED_AUTOS = YES_AGGRESSIVE;
				GCC_WARN_UNUSED_FUNCTION = YES;
				GCC_WARN_UNUSED_VARIABLE = YES;
				IPHONEOS_DEPLOYMENT_TARGET = 7.1;
				ONLY_ACTIVE_ARCH = YES;
				SDKROOT = iphoneos;
			};
			name = Debug;
		};
		8DF18BFD193B6AB000FD132C /* Release */ = {
			isa = XCBuildConfiguration;
			buildSettings = {
				ALWAYS_SEARCH_USER_PATHS = NO;
				CLANG_CXX_LANGUAGE_STANDARD = "gnu++0x";
				CLANG_CXX_LIBRARY = "libc++";
				CLANG_ENABLE_MODULES = YES;
				CLANG_ENABLE_OBJC_ARC = YES;
				CLANG_WARN_BOOL_CONVERSION = YES;
				CLANG_WARN_CONSTANT_CONVERSION = YES;
				CLANG_WARN_DIRECT_OBJC_ISA_USAGE = YES_ERROR;
				CLANG_WARN_EMPTY_BODY = YES;
				CLANG_WARN_ENUM_CONVERSION = YES;
				CLANG_WARN_INT_CONVERSION = YES;
				CLANG_WARN_OBJC_ROOT_CLASS = YES_ERROR;
				CLANG_WARN__DUPLICATE_METHOD_MATCH = YES;
				"CODE_SIGN_IDENTITY[sdk=iphoneos*]" = "iPhone Developer";
				COPY_PHASE_STRIP = YES;
				ENABLE_NS_ASSERTIONS = NO;
				GCC_C_LANGUAGE_STANDARD = gnu99;
				GCC_WARN_64_TO_32_BIT_CONVERSION = YES;
				GCC_WARN_ABOUT_RETURN_TYPE = YES_ERROR;
				GCC_WARN_UNDECLARED_SELECTOR = YES;
				GCC_WARN_UNINITIALIZED_AUTOS = YES_AGGRESSIVE;
				GCC_WARN_UNUSED_FUNCTION = YES;
				GCC_WARN_UNUSED_VARIABLE = YES;
				IPHONEOS_DEPLOYMENT_TARGET = 7.1;
				SDKROOT = iphoneos;
				VALIDATE_PRODUCT = YES;
			};
			name = Release;
		};
		8DF18BFF193B6AB000FD132C /* Debug */ = {
			isa = XCBuildConfiguration;
			buildSettings = {
				ASSETCATALOG_COMPILER_APPICON_NAME = AppIcon;
				ASSETCATALOG_COMPILER_LAUNCHIMAGE_NAME = LaunchImage;
				GCC_PRECOMPILE_PREFIX_HEADER = YES;
				GCC_PREFIX_HEADER = "iTahDoodle/iTahDoodle-Prefix.pch";
				INFOPLIST_FILE = "iTahDoodle/iTahDoodle-Info.plist";
				PRODUCT_NAME = "$(TARGET_NAME)";
				WRAPPER_EXTENSION = app;
			};
			name = Debug;
		};
		8DF18C00193B6AB000FD132C /* Release */ = {
			isa = XCBuildConfiguration;
			buildSettings = {
				ASSETCATALOG_COMPILER_APPICON_NAME = AppIcon;
				ASSETCATALOG_COMPILER_LAUNCHIMAGE_NAME = LaunchImage;
				GCC_PRECOMPILE_PREFIX_HEADER = YES;
				GCC_PREFIX_HEADER = "iTahDoodle/iTahDoodle-Prefix.pch";
				INFOPLIST_FILE = "iTahDoodle/iTahDoodle-Info.plist";
				PRODUCT_NAME = "$(TARGET_NAME)";
				WRAPPER_EXTENSION = app;
			};
			name = Release;
		};
		8DF18C02193B6AB100FD132C /* Debug */ = {
			isa = XCBuildConfiguration;
			buildSettings = {
				BUNDLE_LOADER = "$(BUILT_PRODUCTS_DIR)/iTahDoodle.app/iTahDoodle";
				FRAMEWORK_SEARCH_PATHS = (
					"$(SDKROOT)/Developer/Library/Frameworks",
					"$(inherited)",
					"$(DEVELOPER_FRAMEWORKS_DIR)",
				);
				GCC_PRECOMPILE_PREFIX_HEADER = YES;
				GCC_PREFIX_HEADER = "iTahDoodle/iTahDoodle-Prefix.pch";
				GCC_PREPROCESSOR_DEFINITIONS = (
					"DEBUG=1",
					"$(inherited)",
				);
				INFOPLIST_FILE = "iTahDoodleTests/iTahDoodleTests-Info.plist";
				PRODUCT_NAME = "$(TARGET_NAME)";
				TEST_HOST = "$(BUNDLE_LOADER)";
				WRAPPER_EXTENSION = xctest;
			};
			name = Debug;
		};
		8DF18C03193B6AB100FD132C /* Release */ = {
			isa = XCBuildConfiguration;
			buildSettings = {
				BUNDLE_LOADER = "$(BUILT_PRODUCTS_DIR)/iTahDoodle.app/iTahDoodle";
				FRAMEWORK_SEARCH_PATHS = (
					"$(SDKROOT)/Developer/Library/Frameworks",
					"$(inherited)",
					"$(DEVELOPER_FRAMEWORKS_DIR)",
				);
				GCC_PRECOMPILE_PREFIX_HEADER = YES;
				GCC_PREFIX_HEADER = "iTahDoodle/iTahDoodle-Prefix.pch";
				INFOPLIST_FILE = "iTahDoodleTests/iTahDoodleTests-Info.plist";
				PRODUCT_NAME = "$(TARGET_NAME)";
				TEST_HOST = "$(BUNDLE_LOADER)";
				WRAPPER_EXTENSION = xctest;
			};
			name = Release;
		};
/* End XCBuildConfiguration section */

/* Begin XCConfigurationList section */
		8DF18BCD193B6AB000FD132C /* Build configuration list for PBXProject "iTahDoodle" */ = {
			isa = XCConfigurationList;
			buildConfigurations = (
				8DF18BFC193B6AB000FD132C /* Debug */,
				8DF18BFD193B6AB000FD132C /* Release */,
			);
			defaultConfigurationIsVisible = 0;
			defaultConfigurationName = Release;
		};
		8DF18BFE193B6AB000FD132C /* Build configuration list for PBXNativeTarget "iTahDoodle" */ = {
			isa = XCConfigurationList;
			buildConfigurations = (
				8DF18BFF193B6AB000FD132C /* Debug */,
				8DF18C00193B6AB000FD132C /* Release */,
			);
			defaultConfigurationIsVisible = 0;
		};
		8DF18C01193B6AB100FD132C /* Build configuration list for PBXNativeTarget "iTahDoodleTests" */ = {
			isa = XCConfigurationList;
			buildConfigurations = (
				8DF18C02193B6AB100FD132C /* Debug */,
				8DF18C03193B6AB100FD132C /* Release */,
			);
			defaultConfigurationIsVisible = 0;
		};
/* End XCConfigurationList section */
	};
	rootObject = 8DF18BCA193B6AB000FD132C /* Project object */;
}
